PODS:
  - SCLAlertView (0.7.0)
  - SwiftValidator (4.0.0)

DEPENDENCIES:
  - SCLAlertView
  - SwiftValidator (from `https://github.com/jpotts18/SwiftValidator.git`, branch `master`)

EXTERNAL SOURCES:
  SwiftValidator:
    :branch: master
    :git: https://github.com/jpotts18/SwiftValidator.git

CHECKOUT OPTIONS:
  SwiftValidator:
    :commit: 2a6c23ad9efd76127f6109445515cb9780e5ad92
    :git: https://github.com/jpotts18/SwiftValidator.git

SPEC CHECKSUMS:
  SCLAlertView: 8a14ffc40590c619e183eed2298b854385f30be1
  SwiftValidator: 25ded5ca1f10c05adf57f6ac82a72d28ac8d91af

PODFILE CHECKSUM: e66e021f716ae3daf4453d55f3ab3b049b591bf3

COCOAPODS: 1.2.0
