// !$*UTF8*$!
{
	archiveVersion = 1;
	classes = {
	};
	objectVersion = 46;
	objects = {

/* Begin PBXBuildFile section */
		996D40C4E8C7C9C13083D47D /* Pods_Activity_manager.framework in Frameworks */ = {isa = PBXBuildFile; fileRef = FB72095AF229060C0DA253D3 /* Pods_Activity_manager.framework */; };
		B33ABFB61ED32DBE0092FF40 /* AppDelegate.swift in Sources */ = {isa = PBXBuildFile; fileRef = B33ABFB51ED32DBE0092FF40 /* AppDelegate.swift */; };
		B33ABFB81ED32DBE0092FF40 /* LoginVC.swift in Sources */ = {isa = PBXBuildFile; fileRef = B33ABFB71ED32DBE0092FF40 /* LoginVC.swift */; };
		B33ABFBB1ED32DBE0092FF40 /* Main.storyboard in Resources */ = {isa = PBXBuildFile; fileRef = B33ABFB91ED32DBE0092FF40 /* Main.storyboard */; };
		B33ABFBE1ED32DBE0092FF40 /* Activity_manager.xcdatamodeld in Sources */ = {isa = PBXBuildFile; fileRef = B33ABFBC1ED32DBE0092FF40 /* Activity_manager.xcdatamodeld */; };
		B33ABFC01ED32DBE0092FF40 /* Assets.xcassets in Resources */ = {isa = PBXBuildFile; fileRef = B33ABFBF1ED32DBE0092FF40 /* Assets.xcassets */; };
		B33ABFC31ED32DBE0092FF40 /* LaunchScreen.storyboard in Resources */ = {isa = PBXBuildFile; fileRef = B33ABFC11ED32DBE0092FF40 /* LaunchScreen.storyboard */; };
		B33ABFE01ED374030092FF40 /* Person+CoreDataClass.swift in Sources */ = {isa = PBXBuildFile; fileRef = B33ABFDE1ED374030092FF40 /* Person+CoreDataClass.swift */; };
		B33ABFE11ED374030092FF40 /* Person+CoreDataProperties.swift in Sources */ = {isa = PBXBuildFile; fileRef = B33ABFDF1ED374030092FF40 /* Person+CoreDataProperties.swift */; };
		B33ABFE41ED374470092FF40 /* PersonService.swift in Sources */ = {isa = PBXBuildFile; fileRef = B33ABFE31ED374470092FF40 /* PersonService.swift */; };
		B33ABFE71ED385460092FF40 /* PersonVC.swift in Sources */ = {isa = PBXBuildFile; fileRef = B33ABFE61ED385460092FF40 /* PersonVC.swift */; };
		B33ABFE91ED3904D0092FF40 /* NewPersonVC.swift in Sources */ = {isa = PBXBuildFile; fileRef = B33ABFE81ED3904D0092FF40 /* NewPersonVC.swift */; };
		B33ABFEE1ED47D250092FF40 /* OrganizationVC.swift in Sources */ = {isa = PBXBuildFile; fileRef = B33ABFED1ED47D250092FF40 /* OrganizationVC.swift */; };
		B33ABFF01ED47D4E0092FF40 /* NewOrganizationVC.swift in Sources */ = {isa = PBXBuildFile; fileRef = B33ABFEF1ED47D4E0092FF40 /* NewOrganizationVC.swift */; };
		B33ABFF31ED4820D0092FF40 /* Organization+CoreDataClass.swift in Sources */ = {isa = PBXBuildFile; fileRef = B33ABFF11ED4820D0092FF40 /* Organization+CoreDataClass.swift */; };
		B33ABFF41ED4820D0092FF40 /* Organization+CoreDataProperties.swift in Sources */ = {isa = PBXBuildFile; fileRef = B33ABFF21ED4820D0092FF40 /* Organization+CoreDataProperties.swift */; };
/* End PBXBuildFile section */

/* Begin PBXFileReference section */
		15D8E76977B0AA18A64D591A /* Pods-Activity manager.release.xcconfig */ = {isa = PBXFileReference; includeInIndex = 1; lastKnownFileType = text.xcconfig; name = "Pods-Activity manager.release.xcconfig"; path = "Pods/Target Support Files/Pods-Activity manager/Pods-Activity manager.release.xcconfig"; sourceTree = "<group>"; };
		A929CC4D6EE53B4AC4A29D9C /* Pods-Activity manager.debug.xcconfig */ = {isa = PBXFileReference; includeInIndex = 1; lastKnownFileType = text.xcconfig; name = "Pods-Activity manager.debug.xcconfig"; path = "Pods/Target Support Files/Pods-Activity manager/Pods-Activity manager.debug.xcconfig"; sourceTree = "<group>"; };
		B33ABFB21ED32DBE0092FF40 /* Activity manager.app */ = {isa = PBXFileReference; explicitFileType = wrapper.application; includeInIndex = 0; path = "Activity manager.app"; sourceTree = BUILT_PRODUCTS_DIR; };
		B33ABFB51ED32DBE0092FF40 /* AppDelegate.swift */ = {isa = PBXFileReference; lastKnownFileType = sourcecode.swift; path = AppDelegate.swift; sourceTree = "<group>"; };
		B33ABFB71ED32DBE0092FF40 /* LoginVC.swift */ = {isa = PBXFileReference; lastKnownFileType = sourcecode.swift; path = LoginVC.swift; sourceTree = "<group>"; };
		B33ABFBA1ED32DBE0092FF40 /* Base */ = {isa = PBXFileReference; lastKnownFileType = file.storyboard; name = Base; path = Base.lproj/Main.storyboard; sourceTree = "<group>"; };
		B33ABFBD1ED32DBE0092FF40 /* Activity_manager.xcdatamodel */ = {isa = PBXFileReference; lastKnownFileType = wrapper.xcdatamodel; path = Activity_manager.xcdatamodel; sourceTree = "<group>"; };
		B33ABFBF1ED32DBE0092FF40 /* Assets.xcassets */ = {isa = PBXFileReference; lastKnownFileType = folder.assetcatalog; path = Assets.xcassets; sourceTree = "<group>"; };
		B33ABFC21ED32DBE0092FF40 /* Base */ = {isa = PBXFileReference; lastKnownFileType = file.storyboard; name = Base; path = Base.lproj/LaunchScreen.storyboard; sourceTree = "<group>"; };
		B33ABFC41ED32DBE0092FF40 /* Info.plist */ = {isa = PBXFileReference; lastKnownFileType = text.plist.xml; path = Info.plist; sourceTree = "<group>"; };
		B33ABFDE1ED374030092FF40 /* Person+CoreDataClass.swift */ = {isa = PBXFileReference; fileEncoding = 4; lastKnownFileType = sourcecode.swift; name = "Person+CoreDataClass.swift"; path = "ModelHandler/Person+CoreDataClass.swift"; sourceTree = "<group>"; };
		B33ABFDF1ED374030092FF40 /* Person+CoreDataProperties.swift */ = {isa = PBXFileReference; fileEncoding = 4; lastKnownFileType = sourcecode.swift; name = "Person+CoreDataProperties.swift"; path = "ModelHandler/Person+CoreDataProperties.swift"; sourceTree = "<group>"; };
		B33ABFE31ED374470092FF40 /* PersonService.swift */ = {isa = PBXFileReference; fileEncoding = 4; lastKnownFileType = sourcecode.swift; name = PersonService.swift; path = Models/PersonService.swift; sourceTree = "<group>"; };
		B33ABFE61ED385460092FF40 /* PersonVC.swift */ = {isa = PBXFileReference; fileEncoding = 4; lastKnownFileType = sourcecode.swift; name = PersonVC.swift; path = Controllers/PersonVC.swift; sourceTree = "<group>"; };
		B33ABFE81ED3904D0092FF40 /* NewPersonVC.swift */ = {isa = PBXFileReference; fileEncoding = 4; lastKnownFileType = sourcecode.swift; name = NewPersonVC.swift; path = Controllers/NewPersonVC.swift; sourceTree = "<group>"; };
		B33ABFED1ED47D250092FF40 /* OrganizationVC.swift */ = {isa = PBXFileReference; fileEncoding = 4; lastKnownFileType = sourcecode.swift; name = OrganizationVC.swift; path = Controllers/OrganizationVC.swift; sourceTree = "<group>"; };
		B33ABFEF1ED47D4E0092FF40 /* NewOrganizationVC.swift */ = {isa = PBXFileReference; fileEncoding = 4; lastKnownFileType = sourcecode.swift; name = NewOrganizationVC.swift; path = Controllers/NewOrganizationVC.swift; sourceTree = "<group>"; };
		B33ABFF11ED4820D0092FF40 /* Organization+CoreDataClass.swift */ = {isa = PBXFileReference; fileEncoding = 4; lastKnownFileType = sourcecode.swift; name = "Organization+CoreDataClass.swift"; path = "ModelHandler/Organization+CoreDataClass.swift"; sourceTree = "<group>"; };
		B33ABFF21ED4820D0092FF40 /* Organization+CoreDataProperties.swift */ = {isa = PBXFileReference; fileEncoding = 4; lastKnownFileType = sourcecode.swift; name = "Organization+CoreDataProperties.swift"; path = "ModelHandler/Organization+CoreDataProperties.swift"; sourceTree = "<group>"; };
		FB72095AF229060C0DA253D3 /* Pods_Activity_manager.framework */ = {isa = PBXFileReference; explicitFileType = wrapper.framework; includeInIndex = 0; path = Pods_Activity_manager.framework; sourceTree = BUILT_PRODUCTS_DIR; };
/* End PBXFileReference section */

/* Begin PBXFrameworksBuildPhase section */
		B33ABFAF1ED32DBE0092FF40 /* Frameworks */ = {
			isa = PBXFrameworksBuildPhase;
			buildActionMask = 2147483647;
			files = (
				996D40C4E8C7C9C13083D47D /* Pods_Activity_manager.framework in Frameworks */,
			);
			runOnlyForDeploymentPostprocessing = 0;
		};
/* End PBXFrameworksBuildPhase section */

/* Begin PBXGroup section */
		4FA3C751932DADF3A55C1F9C /* Pods */ = {
			isa = PBXGroup;
			children = (
				A929CC4D6EE53B4AC4A29D9C /* Pods-Activity manager.debug.xcconfig */,
				15D8E76977B0AA18A64D591A /* Pods-Activity manager.release.xcconfig */,
			);
			name = Pods;
			sourceTree = "<group>";
		};
		7BFA1A197829575697B1ABD1 /* Frameworks */ = {
			isa = PBXGroup;
			children = (
				FB72095AF229060C0DA253D3 /* Pods_Activity_manager.framework */,
			);
			name = Frameworks;
			sourceTree = "<group>";
		};
		B33ABFA91ED32DBE0092FF40 = {
			isa = PBXGroup;
			children = (
				B33ABFB41ED32DBE0092FF40 /* Activity manager */,
				B33ABFB31ED32DBE0092FF40 /* Products */,
				4FA3C751932DADF3A55C1F9C /* Pods */,
				7BFA1A197829575697B1ABD1 /* Frameworks */,
			);
			sourceTree = "<group>";
		};
		B33ABFB31ED32DBE0092FF40 /* Products */ = {
			isa = PBXGroup;
			children = (
				B33ABFB21ED32DBE0092FF40 /* Activity manager.app */,
			);
			name = Products;
			sourceTree = "<group>";
		};
		B33ABFB41ED32DBE0092FF40 /* Activity manager */ = {
			isa = PBXGroup;
			children = (
				B33ABFE51ED3851F0092FF40 /* Controllers */,
				B33ABFE21ED3743C0092FF40 /* Models */,
				B33ABFDD1ED373E10092FF40 /* ModelHandler */,
				B33ABFB51ED32DBE0092FF40 /* AppDelegate.swift */,
				B33ABFB91ED32DBE0092FF40 /* Main.storyboard */,
				B33ABFBF1ED32DBE0092FF40 /* Assets.xcassets */,
				B33ABFC11ED32DBE0092FF40 /* LaunchScreen.storyboard */,
				B33ABFC41ED32DBE0092FF40 /* Info.plist */,
				B33ABFBC1ED32DBE0092FF40 /* Activity_manager.xcdatamodeld */,
			);
			path = "Activity manager";
			sourceTree = "<group>";
		};
		B33ABFDD1ED373E10092FF40 /* ModelHandler */ = {
			isa = PBXGroup;
			children = (
				B33ABFF11ED4820D0092FF40 /* Organization+CoreDataClass.swift */,
				B33ABFF21ED4820D0092FF40 /* Organization+CoreDataProperties.swift */,
				B33ABFDE1ED374030092FF40 /* Person+CoreDataClass.swift */,
				B33ABFDF1ED374030092FF40 /* Person+CoreDataProperties.swift */,
			);
			name = ModelHandler;
			sourceTree = "<group>";
		};
		B33ABFE21ED3743C0092FF40 /* Models */ = {
			isa = PBXGroup;
			children = (
				B33ABFE31ED374470092FF40 /* PersonService.swift */,
			);
			name = Models;
			sourceTree = "<group>";
		};
		B33ABFE51ED3851F0092FF40 /* Controllers */ = {
			isa = PBXGroup;
			children = (
				B33ABFEC1ED47CEE0092FF40 /* Organization */,
				B33ABFB71ED32DBE0092FF40 /* LoginVC.swift */,
				B33ABFEA1ED391A00092FF40 /* Person */,
			);
			name = Controllers;
			sourceTree = "<group>";
		};
		B33ABFEA1ED391A00092FF40 /* Person */ = {
			isa = PBXGroup;
			children = (
				B33ABFE61ED385460092FF40 /* PersonVC.swift */,
				B33ABFE81ED3904D0092FF40 /* NewPersonVC.swift */,
			);
			name = Person;
			sourceTree = "<group>";
		};
		B33ABFEC1ED47CEE0092FF40 /* Organization */ = {
			isa = PBXGroup;
			children = (
				B33ABFED1ED47D250092FF40 /* OrganizationVC.swift */,
				B33ABFEF1ED47D4E0092FF40 /* NewOrganizationVC.swift */,
			);
			name = Organization;
			sourceTree = "<group>";
		};
/* End PBXGroup section */

/* Begin PBXNativeTarget section */
		B33ABFB11ED32DBE0092FF40 /* Activity manager */ = {
			isa = PBXNativeTarget;
			buildConfigurationList = B33ABFC71ED32DBE0092FF40 /* Build configuration list for PBXNativeTarget "Activity manager" */;
			buildPhases = (
				7052C9A63ED1590BD0F7255A /* [CP] Check Pods Manifest.lock */,
				B33ABFAE1ED32DBE0092FF40 /* Sources */,
				B33ABFAF1ED32DBE0092FF40 /* Frameworks */,
				B33ABFB01ED32DBE0092FF40 /* Resources */,
				D03DF2837E341DC0353F5E37 /* [CP] Embed Pods Frameworks */,
				116D2E680F9CAAA9F0EF8D9F /* [CP] Copy Pods Resources */,
			);
			buildRules = (
			);
			dependencies = (
			);
			name = "Activity manager";
			productName = "Activity manager";
			productReference = B33ABFB21ED32DBE0092FF40 /* Activity manager.app */;
			productType = "com.apple.product-type.application";
		};
/* End PBXNativeTarget section */

/* Begin PBXProject section */
		B33ABFAA1ED32DBE0092FF40 /* Project object */ = {
			isa = PBXProject;
			attributes = {
				LastSwiftUpdateCheck = 0830;
				LastUpgradeCheck = 0830;
				ORGANIZATIONNAME = None;
				TargetAttributes = {
					B33ABFB11ED32DBE0092FF40 = {
						CreatedOnToolsVersion = 8.3.2;
						ProvisioningStyle = Automatic;
					};
				};
			};
			buildConfigurationList = B33ABFAD1ED32DBE0092FF40 /* Build configuration list for PBXProject "Activity manager" */;
			compatibilityVersion = "Xcode 3.2";
			developmentRegion = English;
			hasScannedForEncodings = 0;
			knownRegions = (
				en,
				Base,
			);
			mainGroup = B33ABFA91ED32DBE0092FF40;
			productRefGroup = B33ABFB31ED32DBE0092FF40 /* Products */;
			projectDirPath = "";
			projectRoot = "";
			targets = (
				B33ABFB11ED32DBE0092FF40 /* Activity manager */,
			);
		};
/* End PBXProject section */

/* Begin PBXResourcesBuildPhase section */
		B33ABFB01ED32DBE0092FF40 /* Resources */ = {
			isa = PBXResourcesBuildPhase;
			buildActionMask = 2147483647;
			files = (
				B33ABFC31ED32DBE0092FF40 /* LaunchScreen.storyboard in Resources */,
				B33ABFC01ED32DBE0092FF40 /* Assets.xcassets in Resources */,
				B33ABFBB1ED32DBE0092FF40 /* Main.storyboard in Resources */,
			);
			runOnlyForDeploymentPostprocessing = 0;
		};
/* End PBXResourcesBuildPhase section */

/* Begin PBXShellScriptBuildPhase section */
		116D2E680F9CAAA9F0EF8D9F /* [CP] Copy Pods Resources */ = {
			isa = PBXShellScriptBuildPhase;
			buildActionMask = 2147483647;
			files = (
			);
			inputPaths = (
			);
			name = "[CP] Copy Pods Resources";
			outputPaths = (
			);
			runOnlyForDeploymentPostprocessing = 0;
			shellPath = /bin/sh;
			shellScript = "\"${SRCROOT}/Pods/Target Support Files/Pods-Activity manager/Pods-Activity manager-resources.sh\"\n";
			showEnvVarsInLog = 0;
		};
		7052C9A63ED1590BD0F7255A /* [CP] Check Pods Manifest.lock */ = {
			isa = PBXShellScriptBuildPhase;
			buildActionMask = 2147483647;
			files = (
			);
			inputPaths = (
			);
			name = "[CP] Check Pods Manifest.lock";
			outputPaths = (
			);
			runOnlyForDeploymentPostprocessing = 0;
			shellPath = /bin/sh;
			shellScript = "diff \"${PODS_ROOT}/../Podfile.lock\" \"${PODS_ROOT}/Manifest.lock\" > /dev/null\nif [ $? != 0 ] ; then\n    # print error to STDERR\n    echo \"error: The sandbox is not in sync with the Podfile.lock. Run 'pod install' or update your CocoaPods installation.\" >&2\n    exit 1\nfi\n";
			showEnvVarsInLog = 0;
		};
		D03DF2837E341DC0353F5E37 /* [CP] Embed Pods Frameworks */ = {
			isa = PBXShellScriptBuildPhase;
			buildActionMask = 2147483647;
			files = (
			);
			inputPaths = (
			);
			name = "[CP] Embed Pods Frameworks";
			outputPaths = (
			);
			runOnlyForDeploymentPostprocessing = 0;
			shellPath = /bin/sh;
			shellScript = "\"${SRCROOT}/Pods/Target Support Files/Pods-Activity manager/Pods-Activity manager-frameworks.sh\"\n";
			showEnvVarsInLog = 0;
		};
/* End PBXShellScriptBuildPhase section */

/* Begin PBXSourcesBuildPhase section */
		B33ABFAE1ED32DBE0092FF40 /* Sources */ = {
			isa = PBXSourcesBuildPhase;
			buildActionMask = 2147483647;
			files = (
				B33ABFE41ED374470092FF40 /* PersonService.swift in Sources */,
				B33ABFE01ED374030092FF40 /* Person+CoreDataClass.swift in Sources */,
				B33ABFEE1ED47D250092FF40 /* OrganizationVC.swift in Sources */,
				B33ABFE11ED374030092FF40 /* Person+CoreDataProperties.swift in Sources */,
				B33ABFF41ED4820D0092FF40 /* Organization+CoreDataProperties.swift in Sources */,
				B33ABFB81ED32DBE0092FF40 /* LoginVC.swift in Sources */,
				B33ABFE71ED385460092FF40 /* PersonVC.swift in Sources */,
				B33ABFF01ED47D4E0092FF40 /* NewOrganizationVC.swift in Sources */,
				B33ABFB61ED32DBE0092FF40 /* AppDelegate.swift in Sources */,
				B33ABFF31ED4820D0092FF40 /* Organization+CoreDataClass.swift in Sources */,
				B33ABFE91ED3904D0092FF40 /* NewPersonVC.swift in Sources */,
				B33ABFBE1ED32DBE0092FF40 /* Activity_manager.xcdatamodeld in Sources */,
			);
			runOnlyForDeploymentPostprocessing = 0;
		};
/* End PBXSourcesBuildPhase section */

/* Begin PBXVariantGroup section */
		B33ABFB91ED32DBE0092FF40 /* Main.storyboard */ = {
			isa = PBXVariantGroup;
			children = (
				B33ABFBA1ED32DBE0092FF40 /* Base */,
			);
			name = Main.storyboard;
			sourceTree = "<group>";
		};
		B33ABFC11ED32DBE0092FF40 /* LaunchScreen.storyboard */ = {
			isa = PBXVariantGroup;
			children = (
				B33ABFC21ED32DBE0092FF40 /* Base */,
			);
			name = LaunchScreen.storyboard;
			sourceTree = "<group>";
		};
/* End PBXVariantGroup section */

/* Begin XCBuildConfiguration section */
		B33ABFC51ED32DBE0092FF40 /* Debug */ = {
			isa = XCBuildConfiguration;
			buildSettings = {
				ALWAYS_SEARCH_USER_PATHS = NO;
				CLANG_ANALYZER_NONNULL = YES;
				CLANG_ANALYZER_NUMBER_OBJECT_CONVERSION = YES_AGGRESSIVE;
				CLANG_CXX_LANGUAGE_STANDARD = "gnu++0x";
				CLANG_CXX_LIBRARY = "libc++";
				CLANG_ENABLE_MODULES = YES;
				CLANG_ENABLE_OBJC_ARC = YES;
				CLANG_WARN_BOOL_CONVERSION = YES;
				CLANG_WARN_CONSTANT_CONVERSION = YES;
				CLANG_WARN_DIRECT_OBJC_ISA_USAGE = YES_ERROR;
				CLANG_WARN_DOCUMENTATION_COMMENTS = YES;
				CLANG_WARN_EMPTY_BODY = YES;
				CLANG_WARN_ENUM_CONVERSION = YES;
				CLANG_WARN_INFINITE_RECURSION = YES;
				CLANG_WARN_INT_CONVERSION = YES;
				CLANG_WARN_OBJC_ROOT_CLASS = YES_ERROR;
				CLANG_WARN_SUSPICIOUS_MOVE = YES;
				CLANG_WARN_UNREACHABLE_CODE = YES;
				CLANG_WARN__DUPLICATE_METHOD_MATCH = YES;
				"CODE_SIGN_IDENTITY[sdk=iphoneos*]" = "iPhone Developer";
				COPY_PHASE_STRIP = NO;
				DEBUG_INFORMATION_FORMAT = dwarf;
				ENABLE_STRICT_OBJC_MSGSEND = YES;
				ENABLE_TESTABILITY = YES;
				GCC_C_LANGUAGE_STANDARD = gnu99;
				GCC_DYNAMIC_NO_PIC = NO;
				GCC_NO_COMMON_BLOCKS = YES;
				GCC_OPTIMIZATION_LEVEL = 0;
				GCC_PREPROCESSOR_DEFINITIONS = (
					"DEBUG=1",
					"$(inherited)",
				);
				GCC_WARN_64_TO_32_BIT_CONVERSION = YES;
				GCC_WARN_ABOUT_RETURN_TYPE = YES_ERROR;
				GCC_WARN_UNDECLARED_SELECTOR = YES;
				GCC_WARN_UNINITIALIZED_AUTOS = YES_AGGRESSIVE;
				GCC_WARN_UNUSED_FUNCTION = YES;
				GCC_WARN_UNUSED_VARIABLE = YES;
				IPHONEOS_DEPLOYMENT_TARGET = 10.3;
				MTL_ENABLE_DEBUG_INFO = YES;
				ONLY_ACTIVE_ARCH = YES;
				SDKROOT = iphoneos;
				SWIFT_ACTIVE_COMPILATION_CONDITIONS = DEBUG;
				SWIFT_OPTIMIZATION_LEVEL = "-Onone";
				TARGETED_DEVICE_FAMILY = 2;
			};
			name = Debug;
		};
		B33ABFC61ED32DBE0092FF40 /* Release */ = {
			isa = XCBuildConfiguration;
			buildSettings = {
				ALWAYS_SEARCH_USER_PATHS = NO;
				CLANG_ANALYZER_NONNULL = YES;
				CLANG_ANALYZER_NUMBER_OBJECT_CONVERSION = YES_AGGRESSIVE;
				CLANG_CXX_LANGUAGE_STANDARD = "gnu++0x";
				CLANG_CXX_LIBRARY = "libc++";
				CLANG_ENABLE_MODULES = YES;
				CLANG_ENABLE_OBJC_ARC = YES;
				CLANG_WARN_BOOL_CONVERSION = YES;
				CLANG_WARN_CONSTANT_CONVERSION = YES;
				CLANG_WARN_DIRECT_OBJC_ISA_USAGE = YES_ERROR;
				CLANG_WARN_DOCUMENTATION_COMMENTS = YES;
				CLANG_WARN_EMPTY_BODY = YES;
				CLANG_WARN_ENUM_CONVERSION = YES;
				CLANG_WARN_INFINITE_RECURSION = YES;
				CLANG_WARN_INT_CONVERSION = YES;
				CLANG_WARN_OBJC_ROOT_CLASS = YES_ERROR;
				CLANG_WARN_SUSPICIOUS_MOVE = YES;
				CLANG_WARN_UNREACHABLE_CODE = YES;
				CLANG_WARN__DUPLICATE_METHOD_MATCH = YES;
				"CODE_SIGN_IDENTITY[sdk=iphoneos*]" = "iPhone Developer";
				COPY_PHASE_STRIP = NO;
				DEBUG_INFORMATION_FORMAT = "dwarf-with-dsym";
				ENABLE_NS_ASSERTIONS = NO;
				ENABLE_STRICT_OBJC_MSGSEND = YES;
				GCC_C_LANGUAGE_STANDARD = gnu99;
				GCC_NO_COMMON_BLOCKS = YES;
				GCC_WARN_64_TO_32_BIT_CONVERSION = YES;
				GCC_WARN_ABOUT_RETURN_TYPE = YES_ERROR;
				GCC_WARN_UNDECLARED_SELECTOR = YES;
				GCC_WARN_UNINITIALIZED_AUTOS = YES_AGGRESSIVE;
				GCC_WARN_UNUSED_FUNCTION = YES;
				GCC_WARN_UNUSED_VARIABLE = YES;
				IPHONEOS_DEPLOYMENT_TARGET = 10.3;
				MTL_ENABLE_DEBUG_INFO = NO;
				SDKROOT = iphoneos;
				SWIFT_OPTIMIZATION_LEVEL = "-Owholemodule";
				TARGETED_DEVICE_FAMILY = 2;
				VALIDATE_PRODUCT = YES;
			};
			name = Release;
		};
		B33ABFC81ED32DBE0092FF40 /* Debug */ = {
			isa = XCBuildConfiguration;
			baseConfigurationReference = A929CC4D6EE53B4AC4A29D9C /* Pods-Activity manager.debug.xcconfig */;
			buildSettings = {
				ASSETCATALOG_COMPILER_APPICON_NAME = AppIcon;
				INFOPLIST_FILE = "Activity manager/Info.plist";
				LD_RUNPATH_SEARCH_PATHS = "$(inherited) @executable_path/Frameworks";
				PRODUCT_BUNDLE_IDENTIFIER = "com.mvz.Activity-manager";
				PRODUCT_NAME = "$(TARGET_NAME)";
				SWIFT_VERSION = 3.0;
				TARGETED_DEVICE_FAMILY = 1;
			};
			name = Debug;
		};
		B33ABFC91ED32DBE0092FF40 /* Release */ = {
			isa = XCBuildConfiguration;
			baseConfigurationReference = 15D8E76977B0AA18A64D591A /* Pods-Activity manager.release.xcconfig */;
			buildSettings = {
				ASSETCATALOG_COMPILER_APPICON_NAME = AppIcon;
				INFOPLIST_FILE = "Activity manager/Info.plist";
				LD_RUNPATH_SEARCH_PATHS = "$(inherited) @executable_path/Frameworks";
				PRODUCT_BUNDLE_IDENTIFIER = "com.mvz.Activity-manager";
				PRODUCT_NAME = "$(TARGET_NAME)";
				SWIFT_VERSION = 3.0;
				TARGETED_DEVICE_FAMILY = 1;
			};
			name = Release;
		};
/* End XCBuildConfiguration section */

/* Begin XCConfigurationList section */
		B33ABFAD1ED32DBE0092FF40 /* Build configuration list for PBXProject "Activity manager" */ = {
			isa = XCConfigurationList;
			buildConfigurations = (
				B33ABFC51ED32DBE0092FF40 /* Debug */,
				B33ABFC61ED32DBE0092FF40 /* Release */,
			);
			defaultConfigurationIsVisible = 0;
			defaultConfigurationName = Release;
		};
		B33ABFC71ED32DBE0092FF40 /* Build configuration list for PBXNativeTarget "Activity manager" */ = {
			isa = XCConfigurationList;
			buildConfigurations = (
				B33ABFC81ED32DBE0092FF40 /* Debug */,
				B33ABFC91ED32DBE0092FF40 /* Release */,
			);
			defaultConfigurationIsVisible = 0;
			defaultConfigurationName = Release;
		};
/* End XCConfigurationList section */

/* Begin XCVersionGroup section */
		B33ABFBC1ED32DBE0092FF40 /* Activity_manager.xcdatamodeld */ = {
			isa = XCVersionGroup;
			children = (
				B33ABFBD1ED32DBE0092FF40 /* Activity_manager.xcdatamodel */,
			);
			currentVersion = B33ABFBD1ED32DBE0092FF40 /* Activity_manager.xcdatamodel */;
			path = Activity_manager.xcdatamodeld;
			sourceTree = "<group>";
			versionGroupType = wrapper.xcdatamodel;
		};
/* End XCVersionGroup section */
	};
	rootObject = B33ABFAA1ED32DBE0092FF40 /* Project object */;
}
